[[package]]
category = "main"
description = "To simplify exif manipulations with python. Writing, reading, and more..."
name = "piexif"
optional = false
python-versions = ">=2.7, !=3.0.*, !=3.1.*, !=3.2.*, !=3.3.*, !=3.4.*"
version = "1.1.3"

[[package]]
category = "main"
description = "Fast, Extensible Progress Meter"
name = "tqdm"
optional = false
python-versions = ">=2.6, !=3.0.*, !=3.1.*"
version = "4.32.2"

[metadata]
content-hash = "d02c2e9a04a0fe73e66722deaad87dd9c5e9dda570ef835ee31b32af40806fe8"
python-versions = "^3.7"

[metadata.hashes]
piexif = ["3bc435d171720150b81b15d27e05e54b8abbde7b4242cddd81ef160d283108b6", "83cb35c606bf3a1ea1a8f0a25cb42cf17e24353fd82e87ae3884e74a302a5f1b"]
tqdm = ["14a285392c32b6f8222ecfbcd217838f88e11630affe9006cd0e94c7eff3cb61", "25d4c0ea02a305a688e7e9c2cdc8f862f989ef2a4701ab28ee963295f5b109ab"]
